
Microsoft Visual Studio Solution File, Format Version 12.00
# Visual Studio Version 17
VisualStudioVersion = 17.2.32516.85
MinimumVisualStudioVersion = 10.0.40219.1
Project("{FAE04EC0-301F-11D3-BF4B-00C04F79EFBC}") = "Hangfire.Site", "src\Hangfire.Site\Hangfire.Site.csproj", "{EF7ADC6D-E512-4801-87C1-5A8C513CA6DE}"
EndProject
Global
	GlobalSection(SolutionConfigurationPlatforms) = preSolution
		Debug|Any CPU = Debug|Any CPU
		Release|Any CPU = Release|Any CPU
	EndGlobalSection
	GlobalSection(ProjectConfigurationPlatforms) = postSolution
		{EF7ADC6D-E512-4801-87C1-5A8C513CA6DE}.Debug|Any CPU.ActiveCfg = Debug|Any CPU
		{EF7ADC6D-E512-4801-87C1-5A8C513CA6DE}.Debug|Any CPU.Build.0 = Debug|Any CPU
		{EF7ADC6D-E512-4801-87C1-5A8C513CA6DE}.Release|Any CPU.ActiveCfg = Release|Any CPU
		{EF7ADC6D-E512-4801-87C1-5A8C513CA6DE}.Release|Any CPU.Build.0 = Release|Any CPU
	EndGlobalSection
	GlobalSection(SolutionProperties) = preSolution
		HideSolutionNode = FALSE
	EndGlobalSection
	GlobalSection(ExtensibilityGlobals) = postSolution
		SolutionGuid = {1EC11C33-A487-410C-99ED-DC503E701B0A}
	EndGlobalSection
EndGlobal
